# Windows x64 CPython 3.11 runtime wheel lock.
# Resolved from requirements-runtime.txt; official PyPI wheels only.
annotated-doc==0.0.5 --hash=sha256:117bac03a25ede5df5440e855b32d556049ca169ead221505badf432fed4b101
annotated-types==0.8.0 --hash=sha256:f072f4d804ea359e4eaf198b1af7a8b0943881a87f31bb764f8bf219bb9419e0
anyio==4.15.1 --hash=sha256:6152fdbbf9a77fdec97731721bebf7c4c44f7c29b424b0065826173efc7ed101
backports.tarfile==1.2.0 --hash=sha256:77e284d754527b01fb1e6fa8a1afe577858ebe4e9dad8919e34c862cb399bc34
bcrypt==5.0.0 --hash=sha256:64ee8434b0da054d830fa8e89e1c8bf30061d539044a39524ff7dec90481e5c2
bibtexparser==1.3.0 --hash=sha256:d2886789566f2ecbecb5f44309d36ed96162530f29f0b0c07df11630adf17632
certifi==2026.7.22 --hash=sha256:62f22742b58a1a33014a2b6b706588a8d7e2a88ae7bd1a6ebe8c992928483775
cffi==2.1.1 --hash=sha256:42f6930c31dc7f50732c9ae793c2786c7b6b044195967bbdde40bb9be81c4cc0
charset-normalizer==3.5.2 --hash=sha256:87e50a3e7cb90af586b6c5faf23e302a970415ac73bd7bd90a515a04b427ef96
click==8.5.0 --hash=sha256:255bc9599cf7748b4b1a446ccc735421bd08a2ae529a8b88597d3de5664ee360
cloudpickle==3.1.2 --hash=sha256:9acb47f6afd73f60dc1df93bb801b472f05ff42fa6c84167d25cb206be1fbf4a
colorama==0.4.6 --hash=sha256:4f1d9991f5acc0ca119f9d443620b77f9d6b33703e51011c16baf57afb285fc6
contourpy==1.3.3 --hash=sha256:3519428f6be58431c56581f1694ba8e50626f2dd550af225f82fb5f5814d2a42
cryptography==50.0.2 --hash=sha256:7afa5a6602a9f29af1f3a2965f831bae7c9d5d597b7cbb716d41ab3b7d89879c
cycler==0.12.1 --hash=sha256:85cef7cff222d8644161529808465972e51340599459b8ac3ccbac5a854e0d30
fastapi==0.143.0 --hash=sha256:3e9395fd35276425b61b516a31fdd7c77fe2af83e41b4da22e30696fb1304c5d
fonttools==4.66.1 --hash=sha256:36bb24d4b98faacaff04af1d5e0a4285feba6ed1da6728cd34b6b6deb6bbb934
h11==0.16.0 --hash=sha256:63cf8bbe7522de3bf65932fda1d9c2772064ffb3dae62d55932da54b31cb6c86
httpcore==1.0.9 --hash=sha256:2d400746a40668fc9dec9810239072b40b4484b640a8c38fd654a024c7a1bf55
httpcore2==2.13.1 --hash=sha256:e1e05d4f25f7d7d496bfb96748f6f4b67657b03da069b3a68c36069f3db73d0a
httptools==0.8.0 --hash=sha256:a1b4c8e7a489a0d750d91894e9a8cdc295838f1924c0ca903ae993456fddec07
httpx==0.28.1 --hash=sha256:d909fcccc110f8c7faf814ca82a9a4d816bc5a6dbfea25d6591d6985b8ba59ad
httpx2==2.13.1 --hash=sha256:6dff50fabc270ee5fd25d845d0b078ed20564579744d6d962850975996d2f9a4
idna==3.20 --hash=sha256:ab7ae7122974553370f0bdb919e1a960b2cd1bc1ef0276416d896db81c14582c
importlib_metadata==9.0.1 --hash=sha256:bba5600596a7e21f3eef53281cf28d6a5195634d2f2b78ff9501a3272c6eaab0
invoke==3.0.3 --hash=sha256:f11327165e5cbb89b2ad1d88d3292b5113332c43b8553b494da435d6ec6f5053
jaraco.classes==3.4.0 --hash=sha256:f662826b6bed8cace05e7ff873ce0f9283b5c924470fe664fff1c2f00f581790
jaraco.context==6.1.2 --hash=sha256:bf8150b79a2d5d91ae48629d8b427a8f7ba0e1097dd6202a9059f29a36379535
jaraco.functools==4.6.0 --hash=sha256:99e3dc0060c5cbe8fcd1cdb36258e2a65ca40f1566b2033b12abb1bb44dd3c30
jinja2==3.1.6 --hash=sha256:85ece4451f492d0c13c5dd7c13a64681a86afae63a5f347908daf103ce6d2f67
jiter==0.17.0 --hash=sha256:e654b6b04e39c9cb19cb8b04c6ddf1f2db07751fa14156413969fd78bad0e5cb
joblib==1.6.0 --hash=sha256:3dbbf9f6e4b592a2357b854608e980fe6390d131d7a82f011a377ef2ebef7aba
keyring==25.7.0 --hash=sha256:be4a0b195f149690c166e850609a477c532ddbfbaed96a404d4e43f8d5e2689f
kiwisolver==1.5.1 --hash=sha256:1a7587dc335f2c0f5bd577fd0540bd16c66006bdb60f759a1059f025e6c4f071
lxml==6.1.3 --hash=sha256:7ae4949f212a53b007dbc355884fda122545c5764a54256c9217e419a62a6559
markupsafe==3.0.4 --hash=sha256:fdb4ca07ab75ffadab4a8b135ad59cdbb3156b99310f3d565370da74a15d6bd3
matplotlib==3.11.2 --hash=sha256:a24d5fd36e4f0e742c3851dcd20810e56a95633a342e4bf6cb591c678e8fe61f
monty==2026.7.16 --hash=sha256:fadd48f18135128a6042d7efe80e301d5658178d441cb1e80a7d6624bd8e114d
more-itertools==11.1.0 --hash=sha256:4b65538ae22f6fed0ce4874efd317463a7489796a0939fa66824dd542125a192
mpmath==1.3.0 --hash=sha256:a0b2b9fe80bbcd81a6647ff13108738cfb482d481d826cc0e02f5b35e5c88d2c
narwhals==2.26.0 --hash=sha256:29326d74f107c347fd1009bd58e38d9f7c7c5b51e6de97bc93dbc325d9038b54
networkx==3.6.1 --hash=sha256:d47fbf302e7d9cbbb9e2555a0d267983d2aa476bac30e90dfbe5669bd57f3762
numpy==2.4.6 --hash=sha256:1e254a00cdf42b1e4d5b3d68d33af63268d41340d8885df2ab6470f2e1500147
openai==3.26.1 --hash=sha256:6a05a4615c678922aa16a1a560cfbe059cb20d5b7ab9753d0bf38b41fce1c67a
opentelemetry-api==1.45.1 --hash=sha256:b31553efa588ae44bc306f863c785c5333a9ecc091248c6ee68b4b6c87fdedfb
orjson==3.13.0 --hash=sha256:a0377d6962fa431c93ecd78fdea771bb62ec545b24ee0c5d4e32acf2260af259
packaging==26.3 --hash=sha256:d7193f7c8e4e93f444fde0262bf90af30e16fa0ad0ad44cb553c87339b23cd1c
palettable==3.3.3 --hash=sha256:74e9e7d7fe5a9be065e02397558ed1777b2df0b793a6f4ce1a5ee74f74fb0caa
pandas==3.0.6 --hash=sha256:2e5fa32ff162dfdbc280157d664f44d23049ae414725af9676df339c501d82cd
paramiko==5.0.0 --hash=sha256:b7044611c30140d9a75261653210e2002977b71a0497ff3ba0d98d7edbf62f7c
pillow==12.3.0 --hash=sha256:8e95e1385e4998ae9694eeaa4730ba5457ff61185b3a55e2e7bea0880aef452a
plotly==7.1.0 --hash=sha256:dbb7fa18afce40d0a8e80d1bf162eceb3faa0ce5a77fe741ad09a74cf78f53f3
pycparser==3.1 --hash=sha256:f09d358c840bd147b79e55f2bc494f18ea869dc897f5852a8f5766b74f787882
pydantic==2.14.0 --hash=sha256:15fab1bea6f1dc5003b54fc2ecab230c1fd1dbade2acd4addc52d81e32416d4b
pydantic-settings==2.15.0 --hash=sha256:0ba092c291c94baceb5eff768aa0d56400a457585bc0175925a5a5510303da42
pydantic_core==2.50.0 --hash=sha256:90874428bc6678b26434336c77931c9734ecebedf50132c179205e5a9908761d
pymatgen==2026.9.24 --hash=sha256:33273cafc0f83feef15d4ce8edd6e161e0a4d4059559c108598d6414c99aa7ca
pymatgen-core==2026.10.2 --hash=sha256:b5e763b4b7619efb3ae19efea173f558d08fa33cc7a7312a502fc3af729bf673
pynacl==1.6.2 --hash=sha256:62985f233210dee6548c223301b6c25440852e13d59a8b81490203c3227c5ba0
pyparsing==3.3.3 --hash=sha256:ece8c00a69cf01b45d0b1dedabb469c90d8caf996d4fda40f147627a122849a4
python-dateutil==2.9.0.post0 --hash=sha256:a8b2bc7bffae282281c8140a97d3aa9c14da0b136dfe83f850eea9a5f7470427
python-dotenv==1.2.4 --hash=sha256:42269a8a5b3fd54ffa6f3d84b18abed50064717576b4ecf03dc4a55d8aa04fdc
python-multipart==0.0.32 --hash=sha256:ff6d3f776f16878c894e52e107296ffc890e913c611b1a4ec6c44e2821fe2e23
pywin32-ctypes==0.2.3 --hash=sha256:8a1513379d709975552d202d942d9837758905c8d01eb82b8bcc30918929e7b8
pyyaml==6.0.3 --hash=sha256:9f3bfb4965eb874431221a3ff3fdcddc7e74e3b07799e0e84ca4a0f867d449bf
requests==2.34.2 --hash=sha256:2a0d60c172f83ac6ab31e4554906c0f3b3588d37b5cb939b1c061f4907e278e0
ruamel.yaml==0.19.1 --hash=sha256:27592957fedf6e0b62f281e96effd28043345e0e66001f97683aa9a40c667c93
scipy==1.17.1 --hash=sha256:d30e57c72013c2a4fe441c2fcb8e77b14e152ad48b5464858e07e2ad9fbfceff
six==1.17.0 --hash=sha256:4721f391ed90541fddacab5acf947aa0d3dc7d27b2e1e8eda2be8970586c3274
sniffio==1.3.1 --hash=sha256:2f6da418d1f1e0fddd844478f41680e794e6051915791a034ff65e5f100525a2
spglib==2.7.0 --hash=sha256:468879702577124dcde0607a75396576e256f1cfa2d8fe48da4a928fbb27abc6
starlette==1.7.0 --hash=sha256:67f8e99895493dd2911a03f11314af6ceebeae4e704bb9f43dfc6a9db151c93e
sympy==1.14.0 --hash=sha256:e091cc3e99d2141a0ba2847328f5479b05d94a6635cb96148ccb3f34671bd8f5
tabulate==0.10.0 --hash=sha256:f0b0622e567335c8fabaaa659f1b33bcb6ddfe2e496071b743aa113f8774f2d3
tqdm==4.70.1 --hash=sha256:c293e525e6fef9c20e8728fd4612df02a0aa31bb5fe91ecd93e123b1b7bffa73
truststore==0.10.4 --hash=sha256:adaeaecf1cbb5f4de3b1959b42d41f6fab57b2b1666adb59e89cb0b53361d981
typing-inspection==0.4.4 --hash=sha256:65b8397ba37ccbce054456aaccddfc91e6e3083c92824df348d96ca832f3f147
typing_extensions==4.16.0 --hash=sha256:481caa481374e813c1b176ada14e97f1f67a4539ce9cfeb3f350d78d6370c2e8
tzdata==2026.5 --hash=sha256:b683bd1b6659ddcd810ff02ad09ba821d4bf1065072805063eb35c49617905ac
uncertainties==3.2.3 --hash=sha256:313353900d8f88b283c9bad81e7d2b2d3d4bcc330cbace35403faaed7e78890a
urllib3==2.8.0 --hash=sha256:0cf3cae568d36aa9576b28dfb35f11328f1cb974ca7647d9475ebb86c75ac6e3
uvicorn==0.54.0 --hash=sha256:505bdb0f318731d45f1f712071fc781a8981f6847a31c902c9f5e652d4f67faf
watchfiles==1.3.0 --hash=sha256:1acabde19b67e673274e89a04d613b7fb1f122e2c4b8ec9a581e59c149264b61
websockets==17.2 --hash=sha256:55c5b9eab079540bfb639b40b07b7b467e5c5a7ecf97a65cc8665781381c9856
zipp==4.1.1 --hash=sha256:8979f52d874162f485ff2981e3891f3a3317b7a3dd43ff1e1775b9304f307a9c
